
Microsoft Visual Studio Solution File, Format Version 12.00
# Visual Studio Version 17
VisualStudioVersion = 17.4.33205.214
MinimumVisualStudioVersion = 10.0.40219.1
Project("{FAE04EC0-301F-11D3-BF4B-00C04F79EFBC}") = "OperationResultDesignPattern", "OperationResultDesignPattern\OperationResultDesignPattern.csproj", "{FAE8848D-3DF8-4A15-854F-02EE97C71AF9}"
EndProject
Global
	GlobalSection(SolutionConfigurationPlatforms) = preSolution
		Debug|Any CPU = Debug|Any CPU
		Release|Any CPU = Release|Any CPU
	EndGlobalSection
	GlobalSection(ProjectConfigurationPlatforms) = postSolution
		{FAE8848D-3DF8-4A15-854F-02EE97C71AF9}.Debug|Any CPU.ActiveCfg = Debug|Any CPU
		{FAE8848D-3DF8-4A15-854F-02EE97C71AF9}.Debug|Any CPU.Build.0 = Debug|Any CPU
		{FAE8848D-3DF8-4A15-854F-02EE97C71AF9}.Release|Any CPU.ActiveCfg = Release|Any CPU
		{FAE8848D-3DF8-4A15-854F-02EE97C71AF9}.Release|Any CPU.Build.0 = Release|Any CPU
	EndGlobalSection
	GlobalSection(SolutionProperties) = preSolution
		HideSolutionNode = FALSE
	EndGlobalSection
	GlobalSection(ExtensibilityGlobals) = postSolution
		SolutionGuid = {96E0892D-2869-4391-91C6-3C32C9506757}
	EndGlobalSection
EndGlobal
